// !$*UTF8*$!
{
	archiveVersion = 1;
	classes = {
	};
	objectVersion = 56;
	objects = {

/* Begin PBXBuildFile section */
		A5CB6CD82C3FEFAE00AF032B /* AppDelegate.swift in Sources */ = {isa = PBXBuildFile; fileRef = A5CB6CD72C3FEFAE00AF032B /* AppDelegate.swift */; };
		A5CB6CDA2C3FEFAE00AF032B /* SceneDelegate.swift in Sources */ = {isa = PBXBuildFile; fileRef = A5CB6CD92C3FEFAE00AF032B /* SceneDelegate.swift */; };
		A5CB6CE12C3FEFAF00AF032B /* Assets.xcassets in Resources */ = {isa = PBXBuildFile; fileRef = A5CB6CE02C3FEFAF00AF032B /* Assets.xcassets */; };
		A5CB6CE42C3FEFAF00AF032B /* LaunchScreen.storyboard in Resources */ = {isa = PBXBuildFile; fileRef = A5CB6CE22C3FEFAF00AF032B /* LaunchScreen.storyboard */; };
		A5CB6CED2C3FF00A00AF032B /* UserViewController.swift in Sources */ = {isa = PBXBuildFile; fileRef = A5CB6CEC2C3FF00A00AF032B /* UserViewController.swift */; };
		A5CB6CEF2C3FF01600AF032B /* UserInteractor.swift in Sources */ = {isa = PBXBuildFile; fileRef = A5CB6CEE2C3FF01600AF032B /* UserInteractor.swift */; };
		A5CB6CF12C3FF02100AF032B /* UserPresenter.swift in Sources */ = {isa = PBXBuildFile; fileRef = A5CB6CF02C3FF02100AF032B /* UserPresenter.swift */; };
		A5CB6CF32C3FF03200AF032B /* User.swift in Sources */ = {isa = PBXBuildFile; fileRef = A5CB6CF22C3FF03200AF032B /* User.swift */; };
		A5CB6CF52C3FF04000AF032B /* UserRouter.swift in Sources */ = {isa = PBXBuildFile; fileRef = A5CB6CF42C3FF04000AF032B /* UserRouter.swift */; };
		A5CB6CFC2C40146300AF032B /* Protocols.swift in Sources */ = {isa = PBXBuildFile; fileRef = A5CB6CFB2C40146300AF032B /* Protocols.swift */; };
		A5CB6D002C4019A000AF032B /* UserTableViewDelegate.swift in Sources */ = {isa = PBXBuildFile; fileRef = A5CB6CFF2C4019A000AF032B /* UserTableViewDelegate.swift */; };
		A5CB6D022C4019D900AF032B /* UserTableViewDataSource.swift in Sources */ = {isa = PBXBuildFile; fileRef = A5CB6D012C4019D900AF032B /* UserTableViewDataSource.swift */; };
		A5CB6D042C4125AD00AF032B /* UserDetailRouter.swift in Sources */ = {isa = PBXBuildFile; fileRef = A5CB6D032C4125AD00AF032B /* UserDetailRouter.swift */; };
		A5CB6D062C41264800AF032B /* UserDetailViewController.swift in Sources */ = {isa = PBXBuildFile; fileRef = A5CB6D052C41264800AF032B /* UserDetailViewController.swift */; };
		A5CB6D082C41270200AF032B /* UserDetailPresenter.swift in Sources */ = {isa = PBXBuildFile; fileRef = A5CB6D072C41270200AF032B /* UserDetailPresenter.swift */; };
		A5CB6D0A2C412CCC00AF032B /* UserDetailTableViewDataSource.swift in Sources */ = {isa = PBXBuildFile; fileRef = A5CB6D092C412CCC00AF032B /* UserDetailTableViewDataSource.swift */; };
		A5CB6D0C2C41325100AF032B /* UserDetailTableViewDelegate.swift in Sources */ = {isa = PBXBuildFile; fileRef = A5CB6D0B2C41325100AF032B /* UserDetailTableViewDelegate.swift */; };
/* End PBXBuildFile section */

/* Begin PBXFileReference section */
		A5CB6CD42C3FEFAE00AF032B /* VIPER.app */ = {isa = PBXFileReference; explicitFileType = wrapper.application; includeInIndex = 0; path = VIPER.app; sourceTree = BUILT_PRODUCTS_DIR; };
		A5CB6CD72C3FEFAE00AF032B /* AppDelegate.swift */ = {isa = PBXFileReference; lastKnownFileType = sourcecode.swift; path = AppDelegate.swift; sourceTree = "<group>"; };
		A5CB6CD92C3FEFAE00AF032B /* SceneDelegate.swift */ = {isa = PBXFileReference; lastKnownFileType = sourcecode.swift; path = SceneDelegate.swift; sourceTree = "<group>"; };
		A5CB6CE02C3FEFAF00AF032B /* Assets.xcassets */ = {isa = PBXFileReference; lastKnownFileType = folder.assetcatalog; path = Assets.xcassets; sourceTree = "<group>"; };
		A5CB6CE32C3FEFAF00AF032B /* Base */ = {isa = PBXFileReference; lastKnownFileType = file.storyboard; name = Base; path = Base.lproj/LaunchScreen.storyboard; sourceTree = "<group>"; };
		A5CB6CE52C3FEFAF00AF032B /* Info.plist */ = {isa = PBXFileReference; lastKnownFileType = text.plist.xml; path = Info.plist; sourceTree = "<group>"; };
		A5CB6CEC2C3FF00A00AF032B /* UserViewController.swift */ = {isa = PBXFileReference; lastKnownFileType = sourcecode.swift; path = UserViewController.swift; sourceTree = "<group>"; };
		A5CB6CEE2C3FF01600AF032B /* UserInteractor.swift */ = {isa = PBXFileReference; lastKnownFileType = sourcecode.swift; path = UserInteractor.swift; sourceTree = "<group>"; };
		A5CB6CF02C3FF02100AF032B /* UserPresenter.swift */ = {isa = PBXFileReference; lastKnownFileType = sourcecode.swift; path = UserPresenter.swift; sourceTree = "<group>"; };
		A5CB6CF22C3FF03200AF032B /* User.swift */ = {isa = PBXFileReference; lastKnownFileType = sourcecode.swift; path = User.swift; sourceTree = "<group>"; };
		A5CB6CF42C3FF04000AF032B /* UserRouter.swift */ = {isa = PBXFileReference; lastKnownFileType = sourcecode.swift; path = UserRouter.swift; sourceTree = "<group>"; };
		A5CB6CFB2C40146300AF032B /* Protocols.swift */ = {isa = PBXFileReference; lastKnownFileType = sourcecode.swift; path = Protocols.swift; sourceTree = "<group>"; };
		A5CB6CFF2C4019A000AF032B /* UserTableViewDelegate.swift */ = {isa = PBXFileReference; lastKnownFileType = sourcecode.swift; path = UserTableViewDelegate.swift; sourceTree = "<group>"; };
		A5CB6D012C4019D900AF032B /* UserTableViewDataSource.swift */ = {isa = PBXFileReference; lastKnownFileType = sourcecode.swift; path = UserTableViewDataSource.swift; sourceTree = "<group>"; };
		A5CB6D032C4125AD00AF032B /* UserDetailRouter.swift */ = {isa = PBXFileReference; lastKnownFileType = sourcecode.swift; path = UserDetailRouter.swift; sourceTree = "<group>"; };
		A5CB6D052C41264800AF032B /* UserDetailViewController.swift */ = {isa = PBXFileReference; lastKnownFileType = sourcecode.swift; path = UserDetailViewController.swift; sourceTree = "<group>"; };
		A5CB6D072C41270200AF032B /* UserDetailPresenter.swift */ = {isa = PBXFileReference; lastKnownFileType = sourcecode.swift; path = UserDetailPresenter.swift; sourceTree = "<group>"; };
		A5CB6D092C412CCC00AF032B /* UserDetailTableViewDataSource.swift */ = {isa = PBXFileReference; lastKnownFileType = sourcecode.swift; path = UserDetailTableViewDataSource.swift; sourceTree = "<group>"; };
		A5CB6D0B2C41325100AF032B /* UserDetailTableViewDelegate.swift */ = {isa = PBXFileReference; lastKnownFileType = sourcecode.swift; path = UserDetailTableViewDelegate.swift; sourceTree = "<group>"; };
/* End PBXFileReference section */

/* Begin PBXFrameworksBuildPhase section */
		A5CB6CD12C3FEFAE00AF032B /* Frameworks */ = {
			isa = PBXFrameworksBuildPhase;
			buildActionMask = 2147483647;
			files = (
			);
			runOnlyForDeploymentPostprocessing = 0;
		};
/* End PBXFrameworksBuildPhase section */

/* Begin PBXGroup section */
		A5CB6CCB2C3FEFAE00AF032B = {
			isa = PBXGroup;
			children = (
				A5CB6CD62C3FEFAE00AF032B /* VIPER */,
				A5CB6CD52C3FEFAE00AF032B /* Products */,
			);
			sourceTree = "<group>";
		};
		A5CB6CD52C3FEFAE00AF032B /* Products */ = {
			isa = PBXGroup;
			children = (
				A5CB6CD42C3FEFAE00AF032B /* VIPER.app */,
			);
			name = Products;
			sourceTree = "<group>";
		};
		A5CB6CD62C3FEFAE00AF032B /* VIPER */ = {
			isa = PBXGroup;
			children = (
				A5CB6CF62C40127300AF032B /* Router */,
				A5CB6CF72C40127B00AF032B /* Entity */,
				A5CB6CF82C40128100AF032B /* Presenter */,
				A5CB6CF92C40128900AF032B /* Interactor */,
				A5CB6CFA2C40129100AF032B /* View */,
				A5CB6CD72C3FEFAE00AF032B /* AppDelegate.swift */,
				A5CB6CD92C3FEFAE00AF032B /* SceneDelegate.swift */,
				A5CB6CFB2C40146300AF032B /* Protocols.swift */,
				A5CB6CFF2C4019A000AF032B /* UserTableViewDelegate.swift */,
				A5CB6D012C4019D900AF032B /* UserTableViewDataSource.swift */,
				A5CB6D092C412CCC00AF032B /* UserDetailTableViewDataSource.swift */,
				A5CB6D0B2C41325100AF032B /* UserDetailTableViewDelegate.swift */,
				A5CB6CE02C3FEFAF00AF032B /* Assets.xcassets */,
				A5CB6CE22C3FEFAF00AF032B /* LaunchScreen.storyboard */,
				A5CB6CE52C3FEFAF00AF032B /* Info.plist */,
			);
			path = VIPER;
			sourceTree = "<group>";
		};
		A5CB6CF62C40127300AF032B /* Router */ = {
			isa = PBXGroup;
			children = (
				A5CB6CF42C3FF04000AF032B /* UserRouter.swift */,
				A5CB6D032C4125AD00AF032B /* UserDetailRouter.swift */,
			);
			path = Router;
			sourceTree = "<group>";
		};
		A5CB6CF72C40127B00AF032B /* Entity */ = {
			isa = PBXGroup;
			children = (
				A5CB6CF22C3FF03200AF032B /* User.swift */,
			);
			path = Entity;
			sourceTree = "<group>";
		};
		A5CB6CF82C40128100AF032B /* Presenter */ = {
			isa = PBXGroup;
			children = (
				A5CB6CF02C3FF02100AF032B /* UserPresenter.swift */,
				A5CB6D072C41270200AF032B /* UserDetailPresenter.swift */,
			);
			path = Presenter;
			sourceTree = "<group>";
		};
		A5CB6CF92C40128900AF032B /* Interactor */ = {
			isa = PBXGroup;
			children = (
				A5CB6CEE2C3FF01600AF032B /* UserInteractor.swift */,
			);
			path = Interactor;
			sourceTree = "<group>";
		};
		A5CB6CFA2C40129100AF032B /* View */ = {
			isa = PBXGroup;
			children = (
				A5CB6CEC2C3FF00A00AF032B /* UserViewController.swift */,
				A5CB6D052C41264800AF032B /* UserDetailViewController.swift */,
			);
			path = View;
			sourceTree = "<group>";
		};
/* End PBXGroup section */

/* Begin PBXNativeTarget section */
		A5CB6CD32C3FEFAE00AF032B /* VIPER */ = {
			isa = PBXNativeTarget;
			buildConfigurationList = A5CB6CE82C3FEFAF00AF032B /* Build configuration list for PBXNativeTarget "VIPER" */;
			buildPhases = (
				A5CB6CD02C3FEFAE00AF032B /* Sources */,
				A5CB6CD12C3FEFAE00AF032B /* Frameworks */,
				A5CB6CD22C3FEFAE00AF032B /* Resources */,
			);
			buildRules = (
			);
			dependencies = (
			);
			name = VIPER;
			productName = VIPER;
			productReference = A5CB6CD42C3FEFAE00AF032B /* VIPER.app */;
			productType = "com.apple.product-type.application";
		};
/* End PBXNativeTarget section */

/* Begin PBXProject section */
		A5CB6CCC2C3FEFAE00AF032B /* Project object */ = {
			isa = PBXProject;
			attributes = {
				BuildIndependentTargetsInParallel = 1;
				LastSwiftUpdateCheck = 1430;
				LastUpgradeCheck = 1430;
				TargetAttributes = {
					A5CB6CD32C3FEFAE00AF032B = {
						CreatedOnToolsVersion = 14.3;
					};
				};
			};
			buildConfigurationList = A5CB6CCF2C3FEFAE00AF032B /* Build configuration list for PBXProject "VIPER" */;
			compatibilityVersion = "Xcode 14.0";
			developmentRegion = en;
			hasScannedForEncodings = 0;
			knownRegions = (
				en,
				Base,
			);
			mainGroup = A5CB6CCB2C3FEFAE00AF032B;
			productRefGroup = A5CB6CD52C3FEFAE00AF032B /* Products */;
			projectDirPath = "";
			projectRoot = "";
			targets = (
				A5CB6CD32C3FEFAE00AF032B /* VIPER */,
			);
		};
/* End PBXProject section */

/* Begin PBXResourcesBuildPhase section */
		A5CB6CD22C3FEFAE00AF032B /* Resources */ = {
			isa = PBXResourcesBuildPhase;
			buildActionMask = 2147483647;
			files = (
				A5CB6CE42C3FEFAF00AF032B /* LaunchScreen.storyboard in Resources */,
				A5CB6CE12C3FEFAF00AF032B /* Assets.xcassets in Resources */,
			);
			runOnlyForDeploymentPostprocessing = 0;
		};
/* End PBXResourcesBuildPhase section */

/* Begin PBXSourcesBuildPhase section */
		A5CB6CD02C3FEFAE00AF032B /* Sources */ = {
			isa = PBXSourcesBuildPhase;
			buildActionMask = 2147483647;
			files = (
				A5CB6CF52C3FF04000AF032B /* UserRouter.swift in Sources */,
				A5CB6CF12C3FF02100AF032B /* UserPresenter.swift in Sources */,
				A5CB6D062C41264800AF032B /* UserDetailViewController.swift in Sources */,
				A5CB6D082C41270200AF032B /* UserDetailPresenter.swift in Sources */,
				A5CB6CED2C3FF00A00AF032B /* UserViewController.swift in Sources */,
				A5CB6CFC2C40146300AF032B /* Protocols.swift in Sources */,
				A5CB6CF32C3FF03200AF032B /* User.swift in Sources */,
				A5CB6D0C2C41325100AF032B /* UserDetailTableViewDelegate.swift in Sources */,
				A5CB6CEF2C3FF01600AF032B /* UserInteractor.swift in Sources */,
				A5CB6CD82C3FEFAE00AF032B /* AppDelegate.swift in Sources */,
				A5CB6D042C4125AD00AF032B /* UserDetailRouter.swift in Sources */,
				A5CB6D0A2C412CCC00AF032B /* UserDetailTableViewDataSource.swift in Sources */,
				A5CB6CDA2C3FEFAE00AF032B /* SceneDelegate.swift in Sources */,
				A5CB6D002C4019A000AF032B /* UserTableViewDelegate.swift in Sources */,
				A5CB6D022C4019D900AF032B /* UserTableViewDataSource.swift in Sources */,
			);
			runOnlyForDeploymentPostprocessing = 0;
		};
/* End PBXSourcesBuildPhase section */

/* Begin PBXVariantGroup section */
		A5CB6CE22C3FEFAF00AF032B /* LaunchScreen.storyboard */ = {
			isa = PBXVariantGroup;
			children = (
				A5CB6CE32C3FEFAF00AF032B /* Base */,
			);
			name = LaunchScreen.storyboard;
			sourceTree = "<group>";
		};
/* End PBXVariantGroup section */

/* Begin XCBuildConfiguration section */
		A5CB6CE62C3FEFAF00AF032B /* Debug */ = {
			isa = XCBuildConfiguration;
			buildSettings = {
				ALWAYS_SEARCH_USER_PATHS = NO;
				CLANG_ANALYZER_NONNULL = YES;
				CLANG_ANALYZER_NUMBER_OBJECT_CONVERSION = YES_AGGRESSIVE;
				CLANG_CXX_LANGUAGE_STANDARD = "gnu++20";
				CLANG_ENABLE_MODULES = YES;
				CLANG_ENABLE_OBJC_ARC = YES;
				CLANG_ENABLE_OBJC_WEAK = YES;
				CLANG_WARN_BLOCK_CAPTURE_AUTORELEASING = YES;
				CLANG_WARN_BOOL_CONVERSION = YES;
				CLANG_WARN_COMMA = YES;
				CLANG_WARN_CONSTANT_CONVERSION = YES;
				CLANG_WARN_DEPRECATED_OBJC_IMPLEMENTATIONS = YES;
				CLANG_WARN_DIRECT_OBJC_ISA_USAGE = YES_ERROR;
				CLANG_WARN_DOCUMENTATION_COMMENTS = YES;
				CLANG_WARN_EMPTY_BODY = YES;
				CLANG_WARN_ENUM_CONVERSION = YES;
				CLANG_WARN_INFINITE_RECURSION = YES;
				CLANG_WARN_INT_CONVERSION = YES;
				CLANG_WARN_NON_LITERAL_NULL_CONVERSION = YES;
				CLANG_WARN_OBJC_IMPLICIT_RETAIN_SELF = YES;
				CLANG_WARN_OBJC_LITERAL_CONVERSION = YES;
				CLANG_WARN_OBJC_ROOT_CLASS = YES_ERROR;
				CLANG_WARN_QUOTED_INCLUDE_IN_FRAMEWORK_HEADER = YES;
				CLANG_WARN_RANGE_LOOP_ANALYSIS = YES;
				CLANG_WARN_STRICT_PROTOTYPES = YES;
				CLANG_WARN_SUSPICIOUS_MOVE = YES;
				CLANG_WARN_UNGUARDED_AVAILABILITY = YES_AGGRESSIVE;
				CLANG_WARN_UNREACHABLE_CODE = YES;
				CLANG_WARN__DUPLICATE_METHOD_MATCH = YES;
				COPY_PHASE_STRIP = NO;
				DEBUG_INFORMATION_FORMAT = dwarf;
				ENABLE_STRICT_OBJC_MSGSEND = YES;
				ENABLE_TESTABILITY = YES;
				GCC_C_LANGUAGE_STANDARD = gnu11;
				GCC_DYNAMIC_NO_PIC = NO;
				GCC_NO_COMMON_BLOCKS = YES;
				GCC_OPTIMIZATION_LEVEL = 0;
				GCC_PREPROCESSOR_DEFINITIONS = (
					"DEBUG=1",
					"$(inherited)",
				);
				GCC_WARN_64_TO_32_BIT_CONVERSION = YES;
				GCC_WARN_ABOUT_RETURN_TYPE = YES_ERROR;
				GCC_WARN_UNDECLARED_SELECTOR = YES;
				GCC_WARN_UNINITIALIZED_AUTOS = YES_AGGRESSIVE;
				GCC_WARN_UNUSED_FUNCTION = YES;
				GCC_WARN_UNUSED_VARIABLE = YES;
				IPHONEOS_DEPLOYMENT_TARGET = 16.4;
				MTL_ENABLE_DEBUG_INFO = INCLUDE_SOURCE;
				MTL_FAST_MATH = YES;
				ONLY_ACTIVE_ARCH = YES;
				SDKROOT = iphoneos;
				SWIFT_ACTIVE_COMPILATION_CONDITIONS = DEBUG;
				SWIFT_OPTIMIZATION_LEVEL = "-Onone";
			};
			name = Debug;
		};
		A5CB6CE72C3FEFAF00AF032B /* Release */ = {
			isa = XCBuildConfiguration;
			buildSettings = {
				ALWAYS_SEARCH_USER_PATHS = NO;
				CLANG_ANALYZER_NONNULL = YES;
				CLANG_ANALYZER_NUMBER_OBJECT_CONVERSION = YES_AGGRESSIVE;
				CLANG_CXX_LANGUAGE_STANDARD = "gnu++20";
				CLANG_ENABLE_MODULES = YES;
				CLANG_ENABLE_OBJC_ARC = YES;
				CLANG_ENABLE_OBJC_WEAK = YES;
				CLANG_WARN_BLOCK_CAPTURE_AUTORELEASING = YES;
				CLANG_WARN_BOOL_CONVERSION = YES;
				CLANG_WARN_COMMA = YES;
				CLANG_WARN_CONSTANT_CONVERSION = YES;
				CLANG_WARN_DEPRECATED_OBJC_IMPLEMENTATIONS = YES;
				CLANG_WARN_DIRECT_OBJC_ISA_USAGE = YES_ERROR;
				CLANG_WARN_DOCUMENTATION_COMMENTS = YES;
				CLANG_WARN_EMPTY_BODY = YES;
				CLANG_WARN_ENUM_CONVERSION = YES;
				CLANG_WARN_INFINITE_RECURSION = YES;
				CLANG_WARN_INT_CONVERSION = YES;
				CLANG_WARN_NON_LITERAL_NULL_CONVERSION = YES;
				CLANG_WARN_OBJC_IMPLICIT_RETAIN_SELF = YES;
				CLANG_WARN_OBJC_LITERAL_CONVERSION = YES;
				CLANG_WARN_OBJC_ROOT_CLASS = YES_ERROR;
				CLANG_WARN_QUOTED_INCLUDE_IN_FRAMEWORK_HEADER = YES;
				CLANG_WARN_RANGE_LOOP_ANALYSIS = YES;
				CLANG_WARN_STRICT_PROTOTYPES = YES;
				CLANG_WARN_SUSPICIOUS_MOVE = YES;
				CLANG_WARN_UNGUARDED_AVAILABILITY = YES_AGGRESSIVE;
				CLANG_WARN_UNREACHABLE_CODE = YES;
				CLANG_WARN__DUPLICATE_METHOD_MATCH = YES;
				COPY_PHASE_STRIP = NO;
				DEBUG_INFORMATION_FORMAT = "dwarf-with-dsym";
				ENABLE_NS_ASSERTIONS = NO;
				ENABLE_STRICT_OBJC_MSGSEND = YES;
				GCC_C_LANGUAGE_STANDARD = gnu11;
				GCC_NO_COMMON_BLOCKS = YES;
				GCC_WARN_64_TO_32_BIT_CONVERSION = YES;
				GCC_WARN_ABOUT_RETURN_TYPE = YES_ERROR;
				GCC_WARN_UNDECLARED_SELECTOR = YES;
				GCC_WARN_UNINITIALIZED_AUTOS = YES_AGGRESSIVE;
				GCC_WARN_UNUSED_FUNCTION = YES;
				GCC_WARN_UNUSED_VARIABLE = YES;
				IPHONEOS_DEPLOYMENT_TARGET = 16.4;
				MTL_ENABLE_DEBUG_INFO = NO;
				MTL_FAST_MATH = YES;
				SDKROOT = iphoneos;
				SWIFT_COMPILATION_MODE = wholemodule;
				SWIFT_OPTIMIZATION_LEVEL = "-O";
				VALIDATE_PRODUCT = YES;
			};
			name = Release;
		};
		A5CB6CE92C3FEFAF00AF032B /* Debug */ = {
			isa = XCBuildConfiguration;
			buildSettings = {
				ASSETCATALOG_COMPILER_APPICON_NAME = AppIcon;
				ASSETCATALOG_COMPILER_GLOBAL_ACCENT_COLOR_NAME = AccentColor;
				CODE_SIGN_STYLE = Automatic;
				CURRENT_PROJECT_VERSION = 1;
				DEVELOPMENT_TEAM = BMA5QWL5H6;
				GENERATE_INFOPLIST_FILE = YES;
				INFOPLIST_FILE = VIPER/Info.plist;
				INFOPLIST_KEY_UIApplicationSupportsIndirectInputEvents = YES;
				INFOPLIST_KEY_UILaunchStoryboardName = LaunchScreen;
				INFOPLIST_KEY_UISupportedInterfaceOrientations_iPad = "UIInterfaceOrientationPortrait UIInterfaceOrientationPortraitUpsideDown UIInterfaceOrientationLandscapeLeft UIInterfaceOrientationLandscapeRight";
				INFOPLIST_KEY_UISupportedInterfaceOrientations_iPhone = "UIInterfaceOrientationPortrait UIInterfaceOrientationLandscapeLeft UIInterfaceOrientationLandscapeRight";
				LD_RUNPATH_SEARCH_PATHS = (
					"$(inherited)",
					"@executable_path/Frameworks",
				);
				MARKETING_VERSION = 1.0;
				PRODUCT_BUNDLE_IDENTIFIER = kkg.VIPER;
				PRODUCT_NAME = "$(TARGET_NAME)";
				SWIFT_EMIT_LOC_STRINGS = YES;
				SWIFT_VERSION = 5.0;
				TARGETED_DEVICE_FAMILY = "1,2";
			};
			name = Debug;
		};
		A5CB6CEA2C3FEFAF00AF032B /* Release */ = {
			isa = XCBuildConfiguration;
			buildSettings = {
				ASSETCATALOG_COMPILER_APPICON_NAME = AppIcon;
				ASSETCATALOG_COMPILER_GLOBAL_ACCENT_COLOR_NAME = AccentColor;
				CODE_SIGN_STYLE = Automatic;
				CURRENT_PROJECT_VERSION = 1;
				DEVELOPMENT_TEAM = BMA5QWL5H6;
				GENERATE_INFOPLIST_FILE = YES;
				INFOPLIST_FILE = VIPER/Info.plist;
				INFOPLIST_KEY_UIApplicationSupportsIndirectInputEvents = YES;
				INFOPLIST_KEY_UILaunchStoryboardName = LaunchScreen;
				INFOPLIST_KEY_UISupportedInterfaceOrientations_iPad = "UIInterfaceOrientationPortrait UIInterfaceOrientationPortraitUpsideDown UIInterfaceOrientationLandscapeLeft UIInterfaceOrientationLandscapeRight";
				INFOPLIST_KEY_UISupportedInterfaceOrientations_iPhone = "UIInterfaceOrientationPortrait UIInterfaceOrientationLandscapeLeft UIInterfaceOrientationLandscapeRight";
				LD_RUNPATH_SEARCH_PATHS = (
					"$(inherited)",
					"@executable_path/Frameworks",
				);
				MARKETING_VERSION = 1.0;
				PRODUCT_BUNDLE_IDENTIFIER = kkg.VIPER;
				PRODUCT_NAME = "$(TARGET_NAME)";
				SWIFT_EMIT_LOC_STRINGS = YES;
				SWIFT_VERSION = 5.0;
				TARGETED_DEVICE_FAMILY = "1,2";
			};
			name = Release;
		};
/* End XCBuildConfiguration section */

/* Begin XCConfigurationList section */
		A5CB6CCF2C3FEFAE00AF032B /* Build configuration list for PBXProject "VIPER" */ = {
			isa = XCConfigurationList;
			buildConfigurations = (
				A5CB6CE62C3FEFAF00AF032B /* Debug */,
				A5CB6CE72C3FEFAF00AF032B /* Release */,
			);
			defaultConfigurationIsVisible = 0;
			defaultConfigurationName = Release;
		};
		A5CB6CE82C3FEFAF00AF032B /* Build configuration list for PBXNativeTarget "VIPER" */ = {
			isa = XCConfigurationList;
			buildConfigurations = (
				A5CB6CE92C3FEFAF00AF032B /* Debug */,
				A5CB6CEA2C3FEFAF00AF032B /* Release */,
			);
			defaultConfigurationIsVisible = 0;
			defaultConfigurationName = Release;
		};
/* End XCConfigurationList section */
	};
	rootObject = A5CB6CCC2C3FEFAE00AF032B /* Project object */;
}
